
Microsoft Visual Studio Solution File, Format Version 12.00
# Visual Studio Version 17
VisualStudioVersion = 17.6.33801.468
MinimumVisualStudioVersion = 10.0.40219.1
Project("{2150E333-8FDC-42A3-9474-1A3956D46DE8}") = "Src", "Src", "{C57C09C0-8B92-4D47-91BD-C74356410F1B}"
EndProject
Project("{2150E333-8FDC-42A3-9474-1A3956D46DE8}") = "Common", "Common", "{3AE3C59D-F1FB-4A96-B666-5DDFF4CF70B5}"
EndProject
Project("{2150E333-8FDC-42A3-9474-1A3956D46DE8}") = "Infrastructure", "Infrastructure", "{00ADD893-87FF-4B97-9BA2-9570344B9013}"
EndProject
Project("{2150E333-8FDC-42A3-9474-1A3956D46DE8}") = "Core", "Core", "{BA579694-10B7-4385-945F-58239A5AE080}"
EndProject
Project("{2150E333-8FDC-42A3-9474-1A3956D46DE8}") = "Presentation", "Presentation", "{923EC277-7C05-4CCE-AA5C-25CA5DC5633D}"
EndProject
Project("{FAE04EC0-301F-11D3-BF4B-00C04F79EFBC}") = "Common", "Common\Common.csproj", "{45450F96-4FEC-4B1D-B7C7-783D6AD1291C}"
EndProject
Project("{FAE04EC0-301F-11D3-BF4B-00C04F79EFBC}") = "Domain", "Domain\Domain.csproj", "{828F544D-AC0E-4EBB-AFAD-4C1545F920F2}"
EndProject
Project("{FAE04EC0-301F-11D3-BF4B-00C04F79EFBC}") = "Application", "Application\Application.csproj", "{4EE82F6E-B804-444E-A1F7-A0232B4693B0}"
EndProject
Project("{FAE04EC0-301F-11D3-BF4B-00C04F79EFBC}") = "Persistence", "Persistence\Persistence.csproj", "{F85E2B4F-0523-4CB0-B7B9-53AEF34A9504}"
EndProject
Project("{FAE04EC0-301F-11D3-BF4B-00C04F79EFBC}") = "Infrastructure", "Infrastructure\Infrastructure.csproj", "{D324556C-52A9-400E-B275-CB005745CA30}"
EndProject
Project("{FAE04EC0-301F-11D3-BF4B-00C04F79EFBC}") = "WebApi", "WebApi\WebApi.csproj", "{90E268DB-BCFE-4153-AC3C-F5FB7DC2902E}"
EndProject
Project("{2150E333-8FDC-42A3-9474-1A3956D46DE8}") = "Tests", "Tests", "{6809432A-E4E0-472E-A663-65CE7103BF15}"
EndProject
Project("{FAE04EC0-301F-11D3-BF4B-00C04F79EFBC}") = "TestApp", "TestApp\TestApp.csproj", "{3FB960C4-EE10-468A-9139-EBBBD7767903}"
EndProject
Global
	GlobalSection(SolutionConfigurationPlatforms) = preSolution
		Debug|Any CPU = Debug|Any CPU
		Release|Any CPU = Release|Any CPU
	EndGlobalSection
	GlobalSection(ProjectConfigurationPlatforms) = postSolution
		{45450F96-4FEC-4B1D-B7C7-783D6AD1291C}.Debug|Any CPU.ActiveCfg = Debug|Any CPU
		{45450F96-4FEC-4B1D-B7C7-783D6AD1291C}.Debug|Any CPU.Build.0 = Debug|Any CPU
		{45450F96-4FEC-4B1D-B7C7-783D6AD1291C}.Release|Any CPU.ActiveCfg = Release|Any CPU
		{45450F96-4FEC-4B1D-B7C7-783D6AD1291C}.Release|Any CPU.Build.0 = Release|Any CPU
		{828F544D-AC0E-4EBB-AFAD-4C1545F920F2}.Debug|Any CPU.ActiveCfg = Debug|Any CPU
		{828F544D-AC0E-4EBB-AFAD-4C1545F920F2}.Debug|Any CPU.Build.0 = Debug|Any CPU
		{828F544D-AC0E-4EBB-AFAD-4C1545F920F2}.Release|Any CPU.ActiveCfg = Release|Any CPU
		{828F544D-AC0E-4EBB-AFAD-4C1545F920F2}.Release|Any CPU.Build.0 = Release|Any CPU
		{4EE82F6E-B804-444E-A1F7-A0232B4693B0}.Debug|Any CPU.ActiveCfg = Debug|Any CPU
		{4EE82F6E-B804-444E-A1F7-A0232B4693B0}.Debug|Any CPU.Build.0 = Debug|Any CPU
		{4EE82F6E-B804-444E-A1F7-A0232B4693B0}.Release|Any CPU.ActiveCfg = Release|Any CPU
		{4EE82F6E-B804-444E-A1F7-A0232B4693B0}.Release|Any CPU.Build.0 = Release|Any CPU
		{F85E2B4F-0523-4CB0-B7B9-53AEF34A9504}.Debug|Any CPU.ActiveCfg = Debug|Any CPU
		{F85E2B4F-0523-4CB0-B7B9-53AEF34A9504}.Debug|Any CPU.Build.0 = Debug|Any CPU
		{F85E2B4F-0523-4CB0-B7B9-53AEF34A9504}.Release|Any CPU.ActiveCfg = Release|Any CPU
		{F85E2B4F-0523-4CB0-B7B9-53AEF34A9504}.Release|Any CPU.Build.0 = Release|Any CPU
		{D324556C-52A9-400E-B275-CB005745CA30}.Debug|Any CPU.ActiveCfg = Debug|Any CPU
		{D324556C-52A9-400E-B275-CB005745CA30}.Debug|Any CPU.Build.0 = Debug|Any CPU
		{D324556C-52A9-400E-B275-CB005745CA30}.Release|Any CPU.ActiveCfg = Release|Any CPU
		{D324556C-52A9-400E-B275-CB005745CA30}.Release|Any CPU.Build.0 = Release|Any CPU
		{90E268DB-BCFE-4153-AC3C-F5FB7DC2902E}.Debug|Any CPU.ActiveCfg = Debug|Any CPU
		{90E268DB-BCFE-4153-AC3C-F5FB7DC2902E}.Debug|Any CPU.Build.0 = Debug|Any CPU
		{90E268DB-BCFE-4153-AC3C-F5FB7DC2902E}.Release|Any CPU.ActiveCfg = Release|Any CPU
		{90E268DB-BCFE-4153-AC3C-F5FB7DC2902E}.Release|Any CPU.Build.0 = Release|Any CPU
		{3FB960C4-EE10-468A-9139-EBBBD7767903}.Debug|Any CPU.ActiveCfg = Debug|Any CPU
		{3FB960C4-EE10-468A-9139-EBBBD7767903}.Debug|Any CPU.Build.0 = Debug|Any CPU
		{3FB960C4-EE10-468A-9139-EBBBD7767903}.Release|Any CPU.ActiveCfg = Release|Any CPU
		{3FB960C4-EE10-468A-9139-EBBBD7767903}.Release|Any CPU.Build.0 = Release|Any CPU
	EndGlobalSection
	GlobalSection(SolutionProperties) = preSolution
		HideSolutionNode = FALSE
	EndGlobalSection
	GlobalSection(NestedProjects) = preSolution
		{3AE3C59D-F1FB-4A96-B666-5DDFF4CF70B5} = {C57C09C0-8B92-4D47-91BD-C74356410F1B}
		{00ADD893-87FF-4B97-9BA2-9570344B9013} = {C57C09C0-8B92-4D47-91BD-C74356410F1B}
		{BA579694-10B7-4385-945F-58239A5AE080} = {C57C09C0-8B92-4D47-91BD-C74356410F1B}
		{923EC277-7C05-4CCE-AA5C-25CA5DC5633D} = {C57C09C0-8B92-4D47-91BD-C74356410F1B}
		{45450F96-4FEC-4B1D-B7C7-783D6AD1291C} = {3AE3C59D-F1FB-4A96-B666-5DDFF4CF70B5}
		{828F544D-AC0E-4EBB-AFAD-4C1545F920F2} = {BA579694-10B7-4385-945F-58239A5AE080}
		{4EE82F6E-B804-444E-A1F7-A0232B4693B0} = {BA579694-10B7-4385-945F-58239A5AE080}
		{F85E2B4F-0523-4CB0-B7B9-53AEF34A9504} = {00ADD893-87FF-4B97-9BA2-9570344B9013}
		{D324556C-52A9-400E-B275-CB005745CA30} = {00ADD893-87FF-4B97-9BA2-9570344B9013}
		{90E268DB-BCFE-4153-AC3C-F5FB7DC2902E} = {923EC277-7C05-4CCE-AA5C-25CA5DC5633D}
		{6809432A-E4E0-472E-A663-65CE7103BF15} = {C57C09C0-8B92-4D47-91BD-C74356410F1B}
		{3FB960C4-EE10-468A-9139-EBBBD7767903} = {6809432A-E4E0-472E-A663-65CE7103BF15}
	EndGlobalSection
	GlobalSection(ExtensibilityGlobals) = postSolution
		SolutionGuid = {BABE996A-7941-4A26-BF75-69C1A5101370}
	EndGlobalSection
EndGlobal
